
Microsoft Visual Studio Solution File, Format Version 12.00
# Visual Studio Version 17
VisualStudioVersion = 17.5.33530.505
MinimumVisualStudioVersion = 10.0.40219.1
Project("{FAE04EC0-301F-11D3-BF4B-00C04F79EFBC}") = "DemoAPI", "DemoAPI\DemoAPI.csproj", "{CCBD87A1-F49D-4C0C-A892-214FF74DDD02}"
EndProject
Global
	GlobalSection(SolutionConfigurationPlatforms) = preSolution
		Debug|Any CPU = Debug|Any CPU
		Release|Any CPU = Release|Any CPU
	EndGlobalSection
	GlobalSection(ProjectConfigurationPlatforms) = postSolution
		{CCBD87A1-F49D-4C0C-A892-214FF74DDD02}.Debug|Any CPU.ActiveCfg = Debug|Any CPU
		{CCBD87A1-F49D-4C0C-A892-214FF74DDD02}.Debug|Any CPU.Build.0 = Debug|Any CPU
		{CCBD87A1-F49D-4C0C-A892-214FF74DDD02}.Release|Any CPU.ActiveCfg = Release|Any CPU
		{CCBD87A1-F49D-4C0C-A892-214FF74DDD02}.Release|Any CPU.Build.0 = Release|Any CPU
	EndGlobalSection
	GlobalSection(SolutionProperties) = preSolution
		HideSolutionNode = FALSE
	EndGlobalSection
	GlobalSection(ExtensibilityGlobals) = postSolution
		SolutionGuid = {2F1120C0-459C-4AF5-B0F2-A733DA2C533E}
	EndGlobalSection
EndGlobal
